
Microsoft Visual Studio Solution File, Format Version 12.00
# Visual Studio Version 16
VisualStudioVersion = 16.0.29009.5
MinimumVisualStudioVersion = 10.0.40219.1
Project("{9A19103F-16F7-4668-BE54-9A1E7A4F7556}") = "HackerNewsApplication", "HackerNewsApplication\HackerNewsApplication.csproj", "{B8E30D6C-CBC4-47BA-88AB-25A9CCFF96B7}"
EndProject
Project("{9A19103F-16F7-4668-BE54-9A1E7A4F7556}") = "NewHackerNewsAppCore", "NewHackerNewsAppCore\NewHackerNewsAppCore.csproj", "{116FB8B5-C0C9-491B-9C00-8D001DD242F0}"
EndProject
Project("{9A19103F-16F7-4668-BE54-9A1E7A4F7556}") = "NewHackerNewsAppInfrastructure", "NewHackerNewsAppInfrastructure\NewHackerNewsAppInfrastructure.csproj", "{143F4CFA-E310-43AC-A0B4-5F0056E96E55}"
EndProject
Project("{9A19103F-16F7-4668-BE54-9A1E7A4F7556}") = "NewHackerNewsAppInfrastructureTest", "NewHackerNewsAppInfrastructureTest\NewHackerNewsAppInfrastructureTest.csproj", "{AD98F559-F635-4CCE-A278-701FA039868A}"
EndProject
Global
	GlobalSection(SolutionConfigurationPlatforms) = preSolution
		Debug|Any CPU = Debug|Any CPU
		Release|Any CPU = Release|Any CPU
	EndGlobalSection
	GlobalSection(ProjectConfigurationPlatforms) = postSolution
		{B8E30D6C-CBC4-47BA-88AB-25A9CCFF96B7}.Debug|Any CPU.ActiveCfg = Debug|Any CPU
		{B8E30D6C-CBC4-47BA-88AB-25A9CCFF96B7}.Debug|Any CPU.Build.0 = Debug|Any CPU
		{B8E30D6C-CBC4-47BA-88AB-25A9CCFF96B7}.Release|Any CPU.ActiveCfg = Release|Any CPU
		{B8E30D6C-CBC4-47BA-88AB-25A9CCFF96B7}.Release|Any CPU.Build.0 = Release|Any CPU
		{116FB8B5-C0C9-491B-9C00-8D001DD242F0}.Debug|Any CPU.ActiveCfg = Debug|Any CPU
		{116FB8B5-C0C9-491B-9C00-8D001DD242F0}.Debug|Any CPU.Build.0 = Debug|Any CPU
		{116FB8B5-C0C9-491B-9C00-8D001DD242F0}.Release|Any CPU.ActiveCfg = Release|Any CPU
		{116FB8B5-C0C9-491B-9C00-8D001DD242F0}.Release|Any CPU.Build.0 = Release|Any CPU
		{143F4CFA-E310-43AC-A0B4-5F0056E96E55}.Debug|Any CPU.ActiveCfg = Debug|Any CPU
		{143F4CFA-E310-43AC-A0B4-5F0056E96E55}.Debug|Any CPU.Build.0 = Debug|Any CPU
		{143F4CFA-E310-43AC-A0B4-5F0056E96E55}.Release|Any CPU.ActiveCfg = Release|Any CPU
		{143F4CFA-E310-43AC-A0B4-5F0056E96E55}.Release|Any CPU.Build.0 = Release|Any CPU
		{AD98F559-F635-4CCE-A278-701FA039868A}.Debug|Any CPU.ActiveCfg = Debug|Any CPU
		{AD98F559-F635-4CCE-A278-701FA039868A}.Debug|Any CPU.Build.0 = Debug|Any CPU
		{AD98F559-F635-4CCE-A278-701FA039868A}.Release|Any CPU.ActiveCfg = Release|Any CPU
		{AD98F559-F635-4CCE-A278-701FA039868A}.Release|Any CPU.Build.0 = Release|Any CPU
	EndGlobalSection
	GlobalSection(SolutionProperties) = preSolution
		HideSolutionNode = FALSE
	EndGlobalSection
	GlobalSection(ExtensibilityGlobals) = postSolution
		SolutionGuid = {92AE1301-8E37-45C2-B263-AFE95AFF39F0}
	EndGlobalSection
EndGlobal
